# -------------------------------------------------------------------------- #
#
# Copyright (C) 1991-2009 Altera Corporation
# Your use of Altera Corporation's design tools, logic functions 
# and other software and tools, and its AMPP partner logic 
# functions, and any output files from any of the foregoing 
# (including device programming or simulation files), and any 
# associated documentation or information are expressly subject 
# to the terms and conditions of the Altera Program License 
# Subscription Agreement, Altera MegaCore Function License 
# Agreement, or other applicable license agreement, including, 
# without limitation, that your use is for the sole purpose of 
# programming logic devices manufactured by Altera and sold by 
# Altera or its authorized distributors.  Please refer to the 
# applicable agreement for further details.
#
# -------------------------------------------------------------------------- #
#
# Quartus II
# Version 9.0 Build 235 06/17/2009 Service Pack 2 SJ Web Edition
# Date created = 11:52:05  November 11, 2009
#
# -------------------------------------------------------------------------- #
#
# Notes:
#
# 1) The default values for assignments are stored in the file:
#		2digitsSeg_assignment_defaults.qdf
#    If this file doesn't exist, see file:
#		assignment_defaults.qdf
#
# 2) Altera recommends that you do not modify this file. This
#    file is updated automatically by the Quartus II software
#    and any changes you make may be lost or overwritten.
#
# -------------------------------------------------------------------------- #


set_global_assignment -name FAMILY "Cyclone V"
set_global_assignment -name DEVICE 5CSEMA5F31C6
set_global_assignment -name TOP_LEVEL_ENTITY 4digitsSeg
set_global_assignment -name ORIGINAL_QUARTUS_VERSION "9.0 SP2"
set_global_assignment -name PROJECT_CREATION_TIME_DATE "11:52:05  NOVEMBER 11, 2009"
set_global_assignment -name LAST_QUARTUS_VERSION "18.1.0 Lite Edition"
set_global_assignment -name USE_GENERATED_PHYSICAL_CONSTRAINTS OFF -section_id eda_blast_fpga
set_global_assignment -name MIN_CORE_JUNCTION_TEMP 0
set_global_assignment -name MAX_CORE_JUNCTION_TEMP 85
set_global_assignment -name STRATIX_DEVICE_IO_STANDARD "3.3-V LVTTL"
set_location_assignment PIN_AE26 -to HEX[0]
set_location_assignment PIN_AE27 -to HEX[1]
set_location_assignment PIN_AE28 -to HEX[2]
set_location_assignment PIN_AG27 -to HEX[3]
set_location_assignment PIN_AF28 -to HEX[4]
set_location_assignment PIN_AG28 -to HEX[5]
set_location_assignment PIN_AH28 -to HEX[6]
set_location_assignment PIN_AJ29 -to HEX1[0]
set_location_assignment PIN_AH29 -to HEX1[1]
set_location_assignment PIN_AH30 -to HEX1[2]
set_location_assignment PIN_AG30 -to HEX1[3]
set_location_assignment PIN_AF29 -to HEX1[4]
set_location_assignment PIN_AF30 -to HEX1[5]
set_location_assignment PIN_AD27 -to HEX1[6]
set_global_assignment -name PARTITION_NETLIST_TYPE SOURCE -section_id Top
set_global_assignment -name PARTITION_COLOR 16764057 -section_id Top
set_global_assignment -name LL_ROOT_REGION ON -section_id "Root Region"
set_global_assignment -name LL_MEMBER_STATE LOCKED -section_id "Root Region"
set_location_assignment PIN_AB23 -to HEX2[0]
set_location_assignment PIN_AE29 -to HEX2[1]
set_location_assignment PIN_AD29 -to HEX2[2]
set_location_assignment PIN_AC28 -to HEX2[3]
set_location_assignment PIN_AD30 -to HEX2[4]
set_location_assignment PIN_AC29 -to HEX2[5]
set_location_assignment PIN_AC30 -to HEX2[6]
set_location_assignment PIN_V16 -to Ctr[0]
set_location_assignment PIN_V18 -to Ctr[3]
set_location_assignment PIN_V17 -to Ctr[2]
set_location_assignment PIN_W16 -to Ctr[1]
set_global_assignment -name VECTOR_WAVEFORM_FILE 4digitsSeg.vwf
set_global_assignment -name BDF_FILE 4digitsSeg.bdf
set_global_assignment -name VHDL_FILE Clock1Hz.vhd
set_location_assignment PIN_AF14 -to Clk
set_location_assignment PIN_AD26 -to HEX3[0]
set_location_assignment PIN_AC27 -to HEX3[1]
set_location_assignment PIN_AD25 -to HEX3[2]
set_location_assignment PIN_AC25 -to HEX3[3]
set_location_assignment PIN_AB28 -to HEX3[4]
set_location_assignment PIN_AB25 -to HEX3[5]
set_location_assignment PIN_AB22 -to HEX3[6]
set_global_assignment -name SIMULATION_MODE FUNCTIONAL
set_global_assignment -name INCREMENTAL_VECTOR_INPUT_SOURCE 4digitsSeg.vwf
set_global_assignment -name BOARD "DE1-SoC Board"
set_global_assignment -name PARTITION_FITTER_PRESERVATION_LEVEL PLACEMENT_AND_ROUTING -section_id Top
set_global_assignment -name POWER_PRESET_COOLING_SOLUTION "23 MM HEAT SINK WITH 200 LFPM AIRFLOW"
set_global_assignment -name POWER_BOARD_THERMAL_MODEL "NONE (CONSERVATIVE)"
set_instance_assignment -name PARTITION_HIERARCHY root_partition -to | -section_id Top