# -------------------------------------------------------------------------- #
#
# Copyright (C) 1991-2010 Altera Corporation
# Your use of Altera Corporation's design tools, logic functions 
# and other software and tools, and its AMPP partner logic 
# functions, and any output files from any of the foregoing 
# (including device programming or simulation files), and any 
# associated documentation or information are expressly subject 
# to the terms and conditions of the Altera Program License 
# Subscription Agreement, Altera MegaCore Function License 
# Agreement, or other applicable license agreement, including, 
# without limitation, that your use is for the sole purpose of 
# programming logic devices manufactured by Altera and sold by 
# Altera or its authorized distributors.  Please refer to the 
# applicable agreement for further details.
#
# -------------------------------------------------------------------------- #
#
# Quartus II
# Version 9.1 Build 350 03/24/2010 Service Pack 2 SJ Web Edition
# Date created = 13:34:50  June 04, 2012
#
# -------------------------------------------------------------------------- #
#
# Notes:
#
# 1) The default values for assignments are stored in the file:
#		FA4bits_assignment_defaults.qdf
#    If this file doesn't exist, see file:
#		assignment_defaults.qdf
#
# 2) Altera recommends that you do not modify this file. This
#    file is updated automatically by the Quartus II software
#    and any changes you make may be lost or overwritten.
#
# -------------------------------------------------------------------------- #


set_global_assignment -name FAMILY "Cyclone V"
set_global_assignment -name DEVICE 5CGXFC7C7F23C8
set_global_assignment -name TOP_LEVEL_ENTITY FA4bits
set_global_assignment -name ORIGINAL_QUARTUS_VERSION "9.1 SP2"
set_global_assignment -name PROJECT_CREATION_TIME_DATE "13:34:50  JUNE 04, 2012"
set_global_assignment -name LAST_QUARTUS_VERSION "18.1.0 Lite Edition"
set_global_assignment -name USE_GENERATED_PHYSICAL_CONSTRAINTS OFF -section_id eda_blast_fpga
set_global_assignment -name MIN_CORE_JUNCTION_TEMP 0
set_global_assignment -name MAX_CORE_JUNCTION_TEMP 85
set_global_assignment -name SIMULATION_MODE TIMING
set_global_assignment -name STRATIX_DEVICE_IO_STANDARD "3.3-V LVTTL"
set_location_assignment PIN_N26 -to A[1]
set_location_assignment PIN_P25 -to A[2]
set_location_assignment PIN_AE14 -to A[3]
set_location_assignment PIN_AF14 -to B[0]
set_location_assignment PIN_AD13 -to B[1]
set_location_assignment PIN_AC13 -to B[2]
set_location_assignment PIN_C13 -to B[3]
set_location_assignment PIN_N25 -to A[0]
set_location_assignment PIN_AF23 -to LEDR[1]
set_location_assignment PIN_AB21 -to LEDR[2]
set_location_assignment PIN_AC22 -to LEDR[3]
set_location_assignment PIN_AD22 -to LEDR[4]
set_location_assignment PIN_AD23 -to LEDR[5]
set_location_assignment PIN_AD21 -to LEDR[6]
set_location_assignment PIN_AC21 -to LEDR[7]
set_location_assignment PIN_AE23 -to LEDR[0]
set_location_assignment PIN_AF22 -to S[1]
set_location_assignment PIN_W19 -to S[2]
set_location_assignment PIN_V18 -to S[3]
set_location_assignment PIN_U18 -to S[4]
set_location_assignment PIN_AE22 -to S[0]
set_global_assignment -name POWER_PRESET_COOLING_SOLUTION "23 MM HEAT SINK WITH 200 LFPM AIRFLOW"
set_global_assignment -name POWER_BOARD_THERMAL_MODEL "NONE (CONSERVATIVE)"
set_location_assignment PIN_AC12 -to HEX0[2]
set_location_assignment PIN_AD11 -to HEX0[3]
set_location_assignment PIN_AE11 -to HEX0[4]
set_location_assignment PIN_V14 -to HEX0[5]
set_location_assignment PIN_V13 -to HEX0[6]
set_location_assignment PIN_V20 -to HEX1[0]
set_location_assignment PIN_V21 -to HEX1[1]
set_location_assignment PIN_W21 -to HEX1[2]
set_location_assignment PIN_Y22 -to HEX1[3]
set_location_assignment PIN_AA24 -to HEX1[4]
set_location_assignment PIN_AA23 -to HEX1[5]
set_location_assignment PIN_AB24 -to HEX1[6]
set_location_assignment PIN_AF10 -to HEX0[0]
set_location_assignment PIN_AB12 -to HEX0[1]
set_location_assignment PIN_T2 -to HEX5[0]
set_location_assignment PIN_P6 -to HEX5[1]
set_location_assignment PIN_P7 -to HEX5[2]
set_location_assignment PIN_T9 -to HEX5[3]
set_location_assignment PIN_R5 -to HEX5[4]
set_location_assignment PIN_R4 -to HEX5[5]
set_location_assignment PIN_R3 -to HEX5[6]
set_global_assignment -name MISC_FILE "D:/Dropbox/5_Schematics/Quartus/1.Adder/4bits/FA4bits.dpf"
set_location_assignment PIN_U9 -to HEX4[0]
set_location_assignment PIN_U1 -to HEX4[1]
set_location_assignment PIN_U2 -to HEX4[2]
set_location_assignment PIN_T4 -to HEX4[3]
set_location_assignment PIN_R7 -to HEX4[4]
set_location_assignment PIN_R6 -to HEX4[5]
set_location_assignment PIN_T3 -to HEX4[6]
set_global_assignment -name PARTITION_NETLIST_TYPE SOURCE -section_id Top
set_global_assignment -name PARTITION_COLOR 16764057 -section_id Top
set_global_assignment -name LL_ROOT_REGION ON -section_id "Root Region"
set_global_assignment -name LL_MEMBER_STATE LOCKED -section_id "Root Region"
set_global_assignment -name PARTITION_FITTER_PRESERVATION_LEVEL PLACEMENT_AND_ROUTING -section_id Top
set_global_assignment -name EDA_SIMULATION_TOOL "ModelSim-Altera (Verilog)"
set_global_assignment -name EDA_OUTPUT_DATA_FORMAT "VERILOG HDL" -section_id eda_simulation
set_global_assignment -name EDA_RUN_TOOL_AUTOMATICALLY ON -section_id eda_simulation
set_instance_assignment -name PARTITION_HIERARCHY root_partition -to | -section_id Top
set_global_assignment -name INCREMENTAL_VECTOR_INPUT_SOURCE "I:/My Drive/5_Schematics/2_Quartus/1.Adder/4bits/FA4bits.vwf"
set_global_assignment -name EDA_TIME_SCALE "1 ps" -section_id eda_simulation
set_global_assignment -name BDF_FILE FA4bits_with_7Seg.bdf
set_global_assignment -name BDF_FILE fulladder.bdf
set_global_assignment -name BDF_FILE FA4bits.bdf
set_global_assignment -name VECTOR_WAVEFORM_FILE FA4bits.vwf